{
  "version": 4,
  "terraform_version": "1.9.4",
  "serial": 18,
  "lineage": "d104e0b7-4da4-f511-78fc-cb61d6a21e39",
  "outputs": {},
  "resources": [
    {
      "mode": "managed",
      "type": "azurerm_policy_definition",
      "name": "custom_policy",
      "provider": "provider[\"registry.terraform.io/hashicorp/azurerm\"]",
      "instances": [
        {
          "schema_version": 0,
          "attributes": {
            "description": "",
            "display_name": "Custom Policy",
            "id": "/subscriptions/4c326ad3-0ccf-4f2c-b529-17a931a9a3ba/providers/Microsoft.Authorization/policyDefinitions/CustomPolicy5",
            "management_group_id": "",
            "metadata": "{\"createdBy\":\"9040ea13-3d7f-461a-97cb-24e5281879f4\",\"createdOn\":\"2024-08-23T15:04:56.8447757Z\",\"updatedBy\":null,\"updatedOn\":null}",
            "mode": "All",
            "name": "CustomPolicy5",
            "parameters": "",
            "policy_rule": "{\"if\":{\"field\":\"location\",\"notIn\":[\"eastus\",\"westus\"]},\"then\":{\"effect\":\"deny\"}}",
            "policy_type": "Custom",
            "role_definition_ids": [],
            "timeouts": null
          },
          "sensitive_attributes": [],
          "private": "eyJlMmJmYjczMC1lY2FhLTExZTYtOGY4OC0zNDM2M2JjN2M0YzAiOnsiY3JlYXRlIjoxODAwMDAwMDAwMDAwLCJkZWxldGUiOjE4MDAwMDAwMDAwMDAsInJlYWQiOjMwMDAwMDAwMDAwMCwidXBkYXRlIjoxODAwMDAwMDAwMDAwfX0="
        }
      ]
    },
    {
      "mode": "managed",
      "type": "azurerm_role_assignment",
      "name": "custom_role_assignment",
      "provider": "provider[\"registry.terraform.io/hashicorp/azurerm\"]",
      "instances": [
        {
          "schema_version": 0,
          "attributes": {
            "condition": "",
            "condition_version": "",
            "delegated_managed_identity_resource_id": "",
            "description": "",
            "id": "/subscriptions/4c326ad3-0ccf-4f2c-b529-17a931a9a3ba/providers/Microsoft.Authorization/roleAssignments/46974432-f338-ad00-9bda-9ef95664fc1d",
            "name": "46974432-f338-ad00-9bda-9ef95664fc1d",
            "principal_id": "2834a465-1a9e-4ff5-ac74-665df8d6eee4",
            "principal_type": "User",
            "role_definition_id": "/subscriptions/4c326ad3-0ccf-4f2c-b529-17a931a9a3ba/providers/Microsoft.Authorization/roleDefinitions/0494464e-f833-bbcc-8946-6fc65e41d708",
            "role_definition_name": "CustomRole",
            "scope": "/subscriptions/4c326ad3-0ccf-4f2c-b529-17a931a9a3ba",
            "skip_service_principal_aad_check": null,
            "timeouts": null
          },
          "sensitive_attributes": [],
          "private": "eyJlMmJmYjczMC1lY2FhLTExZTYtOGY4OC0zNDM2M2JjN2M0YzAiOnsiY3JlYXRlIjoxODAwMDAwMDAwMDAwLCJkZWxldGUiOjE4MDAwMDAwMDAwMDAsInJlYWQiOjMwMDAwMDAwMDAwMH19",
          "dependencies": [
            "azurerm_role_definition.custom_role"
          ]
        }
      ]
    },
    {
      "mode": "managed",
      "type": "azurerm_role_definition",
      "name": "custom_role",
      "provider": "provider[\"registry.terraform.io/hashicorp/azurerm\"]",
      "instances": [
        {
          "schema_version": 1,
          "attributes": {
            "assignable_scopes": [
              "/subscriptions/4c326ad3-0ccf-4f2c-b529-17a931a9a3ba"
            ],
            "description": "Custom role with limited permissions",
            "id": "/subscriptions/4c326ad3-0ccf-4f2c-b529-17a931a9a3ba/providers/Microsoft.Authorization/roleDefinitions/0494464e-f833-bbcc-8946-6fc65e41d708|/subscriptions/4c326ad3-0ccf-4f2c-b529-17a931a9a3ba",
            "name": "CustomRole",
            "permissions": [
              {
                "actions": [
                  "Microsoft.Storage/storageAccounts/read"
                ],
                "data_actions": null,
                "not_actions": [],
                "not_data_actions": null
              }
            ],
            "role_definition_id": "0494464e-f833-bbcc-8946-6fc65e41d708",
            "role_definition_resource_id": "/subscriptions/4c326ad3-0ccf-4f2c-b529-17a931a9a3ba/providers/Microsoft.Authorization/roleDefinitions/0494464e-f833-bbcc-8946-6fc65e41d708",
            "scope": "/subscriptions/4c326ad3-0ccf-4f2c-b529-17a931a9a3ba",
            "timeouts": null
          },
          "sensitive_attributes": [],
          "private": "eyJlMmJmYjczMC1lY2FhLTExZTYtOGY4OC0zNDM2M2JjN2M0YzAiOnsiY3JlYXRlIjoxODAwMDAwMDAwMDAwLCJkZWxldGUiOjE4MDAwMDAwMDAwMDAsInJlYWQiOjMwMDAwMDAwMDAwMCwidXBkYXRlIjozNjAwMDAwMDAwMDAwfSwic2NoZW1hX3ZlcnNpb24iOiIxIn0="
        }
      ]
    },
    {
      "mode": "managed",
      "type": "azurerm_subscription_policy_assignment",
      "name": "custom_policy_assignment",
      "provider": "provider[\"registry.terraform.io/hashicorp/azurerm\"]",
      "instances": [
        {
          "schema_version": 0,
          "attributes": {
            "description": "",
            "display_name": "",
            "enforce": true,
            "id": "/subscriptions/4c326ad3-0ccf-4f2c-b529-17a931a9a3ba/providers/Microsoft.Authorization/policyAssignments/customPolicyAssignment5",
            "identity": [],
            "location": "",
            "metadata": "{\"createdBy\":\"9040ea13-3d7f-461a-97cb-24e5281879f4\",\"createdOn\":\"2024-08-23T15:06:31.7443535Z\",\"updatedBy\":null,\"updatedOn\":null}",
            "name": "customPolicyAssignment5",
            "non_compliance_message": [],
            "not_scopes": null,
            "overrides": [],
            "parameters": "",
            "policy_definition_id": "/subscriptions/4c326ad3-0ccf-4f2c-b529-17a931a9a3ba/providers/Microsoft.Authorization/policyDefinitions/CustomPolicy5",
            "resource_selectors": [],
            "subscription_id": "/subscriptions/4c326ad3-0ccf-4f2c-b529-17a931a9a3ba",
            "timeouts": null
          },
          "sensitive_attributes": [],
          "private": "eyJlMmJmYjczMC1lY2FhLTExZTYtOGY4OC0zNDM2M2JjN2M0YzAiOnsiY3JlYXRlIjoxODAwMDAwMDAwMDAwLCJkZWxldGUiOjE4MDAwMDAwMDAwMDAsInJlYWQiOjMwMDAwMDAwMDAwMCwidXBkYXRlIjoxODAwMDAwMDAwMDAwfX0=",
          "dependencies": [
            "azurerm_policy_definition.custom_policy"
          ]
        }
      ]
    }
  ],
  "check_results": null
}
